
Microsoft Visual Studio Solution File, Format Version 12.00
# Visual Studio Version 16
VisualStudioVersion = 16.0.30413.136
MinimumVisualStudioVersion = 10.0.40219.1
Project("{FAE04EC0-301F-11D3-BF4B-00C04F79EFBC}") = "Delegates", "Delegates\Delegates.csproj", "{D570F500-334D-419B-8E2E-A2E1C7673677}"
EndProject
Global
	GlobalSection(SolutionConfigurationPlatforms) = preSolution
		Debug|Any CPU = Debug|Any CPU
		Release|Any CPU = Release|Any CPU
	EndGlobalSection
	GlobalSection(ProjectConfigurationPlatforms) = postSolution
		{D570F500-334D-419B-8E2E-A2E1C7673677}.Debug|Any CPU.ActiveCfg = Debug|Any CPU
		{D570F500-334D-419B-8E2E-A2E1C7673677}.Debug|Any CPU.Build.0 = Debug|Any CPU
		{D570F500-334D-419B-8E2E-A2E1C7673677}.Release|Any CPU.ActiveCfg = Release|Any CPU
		{D570F500-334D-419B-8E2E-A2E1C7673677}.Release|Any CPU.Build.0 = Release|Any CPU
	EndGlobalSection
	GlobalSection(SolutionProperties) = preSolution
		HideSolutionNode = FALSE
	EndGlobalSection
	GlobalSection(ExtensibilityGlobals) = postSolution
		SolutionGuid = {C27CDE53-62BF-48C3-9B32-7CB3A70C9104}
	EndGlobalSection
EndGlobal
